
Microsoft Visual Studio Solution File, Format Version 11.00
# Visual Studio 2010
Project("{FAE04EC0-301F-11D3-BF4B-00C04F79EFBC}") = "Assembly-CSharp", "Assembly-CSharp.csproj", "{78EE66CB-1E1E-C5BD-221F-AA0B71673E58}"
EndProject
Project("{FAE04EC0-301F-11D3-BF4B-00C04F79EFBC}") = "Assembly-CSharp-firstpass", "Assembly-CSharp-firstpass.csproj", "{0ED27051-4EA8-2641-CA36-FB38B1CBA455}"
EndProject
Project("{FAE04EC0-301F-11D3-BF4B-00C04F79EFBC}") = "Assembly-CSharp-Editor", "Assembly-CSharp-Editor.csproj", "{D31E5F8D-4F8E-E478-5826-820C90374247}"
EndProject
Global
	GlobalSection(SolutionConfigurationPlatforms) = preSolution
		Debug|Any CPU = Debug|Any CPU
		Release|Any CPU = Release|Any CPU
	EndGlobalSection
	GlobalSection(ProjectConfigurationPlatforms) = postSolution
		{78EE66CB-1E1E-C5BD-221F-AA0B71673E58}.Debug|Any CPU.ActiveCfg = Debug|Any CPU
		{78EE66CB-1E1E-C5BD-221F-AA0B71673E58}.Debug|Any CPU.Build.0 = Debug|Any CPU
		{78EE66CB-1E1E-C5BD-221F-AA0B71673E58}.Release|Any CPU.ActiveCfg = Release|Any CPU
		{78EE66CB-1E1E-C5BD-221F-AA0B71673E58}.Release|Any CPU.Build.0 = Release|Any CPU
		{0ED27051-4EA8-2641-CA36-FB38B1CBA455}.Debug|Any CPU.ActiveCfg = Debug|Any CPU
		{0ED27051-4EA8-2641-CA36-FB38B1CBA455}.Debug|Any CPU.Build.0 = Debug|Any CPU
		{0ED27051-4EA8-2641-CA36-FB38B1CBA455}.Release|Any CPU.ActiveCfg = Release|Any CPU
		{0ED27051-4EA8-2641-CA36-FB38B1CBA455}.Release|Any CPU.Build.0 = Release|Any CPU
		{D31E5F8D-4F8E-E478-5826-820C90374247}.Debug|Any CPU.ActiveCfg = Debug|Any CPU
		{D31E5F8D-4F8E-E478-5826-820C90374247}.Debug|Any CPU.Build.0 = Debug|Any CPU
		{D31E5F8D-4F8E-E478-5826-820C90374247}.Release|Any CPU.ActiveCfg = Release|Any CPU
		{D31E5F8D-4F8E-E478-5826-820C90374247}.Release|Any CPU.Build.0 = Release|Any CPU
	EndGlobalSection
	GlobalSection(SolutionProperties) = preSolution
		HideSolutionNode = FALSE
	EndGlobalSection
	GlobalSection(MonoDevelopProperties) = preSolution
		StartupItem = Assembly-CSharp.csproj
	EndGlobalSection
EndGlobal
