
Microsoft Visual Studio Solution File, Format Version 12.00
# Visual Studio 15
Project("{FAE04EC0-301F-11D3-BF4B-00C04F79EFBC}") = "Assembly-CSharp", "Assembly-CSharp.csproj", "{83D8D934-8DD1-E9EB-9F77-FE620544F9A3}"
EndProject
Project("{FAE04EC0-301F-11D3-BF4B-00C04F79EFBC}") = "Assembly-CSharp-firstpass", "Assembly-CSharp-firstpass.csproj", "{42A0B4CF-2736-2417-29C9-79B91678C450}"
EndProject
Project("{FAE04EC0-301F-11D3-BF4B-00C04F79EFBC}") = "Assembly-CSharp-Editor", "Assembly-CSharp-Editor.csproj", "{627BEFAA-0F1F-CE61-6F6F-9C083846194E}"
EndProject
Global
	GlobalSection(SolutionConfigurationPlatforms) = preSolution
		Debug|Any CPU = Debug|Any CPU
		Release|Any CPU = Release|Any CPU
	EndGlobalSection
	GlobalSection(ProjectConfigurationPlatforms) = postSolution
		{83D8D934-8DD1-E9EB-9F77-FE620544F9A3}.Debug|Any CPU.ActiveCfg = Debug|Any CPU
		{83D8D934-8DD1-E9EB-9F77-FE620544F9A3}.Debug|Any CPU.Build.0 = Debug|Any CPU
		{83D8D934-8DD1-E9EB-9F77-FE620544F9A3}.Release|Any CPU.ActiveCfg = Release|Any CPU
		{83D8D934-8DD1-E9EB-9F77-FE620544F9A3}.Release|Any CPU.Build.0 = Release|Any CPU
		{42A0B4CF-2736-2417-29C9-79B91678C450}.Debug|Any CPU.ActiveCfg = Debug|Any CPU
		{42A0B4CF-2736-2417-29C9-79B91678C450}.Debug|Any CPU.Build.0 = Debug|Any CPU
		{42A0B4CF-2736-2417-29C9-79B91678C450}.Release|Any CPU.ActiveCfg = Release|Any CPU
		{42A0B4CF-2736-2417-29C9-79B91678C450}.Release|Any CPU.Build.0 = Release|Any CPU
		{627BEFAA-0F1F-CE61-6F6F-9C083846194E}.Debug|Any CPU.ActiveCfg = Debug|Any CPU
		{627BEFAA-0F1F-CE61-6F6F-9C083846194E}.Debug|Any CPU.Build.0 = Debug|Any CPU
		{627BEFAA-0F1F-CE61-6F6F-9C083846194E}.Release|Any CPU.ActiveCfg = Release|Any CPU
		{627BEFAA-0F1F-CE61-6F6F-9C083846194E}.Release|Any CPU.Build.0 = Release|Any CPU
	EndGlobalSection
	GlobalSection(SolutionProperties) = preSolution
		HideSolutionNode = FALSE
	EndGlobalSection
EndGlobal
